// !$*UTF8*$!
{
	archiveVersion = 1;
	classes = {
	};
	objectVersion = 56;
	objects = {

/* Begin PBXBuildFile section */
		924850AA2BAA1F57007F6EC2 /* BlitzCountApp.swift in Sources */ = {isa = PBXBuildFile; fileRef = 924850A92BAA1F57007F6EC2 /* BlitzCountApp.swift */; };
		924850AC2BAA1F57007F6EC2 /* GameView.swift in Sources */ = {isa = PBXBuildFile; fileRef = 924850AB2BAA1F57007F6EC2 /* GameView.swift */; };
		924850AE2BAA1F58007F6EC2 /* Assets.xcassets in Resources */ = {isa = PBXBuildFile; fileRef = 924850AD2BAA1F58007F6EC2 /* Assets.xcassets */; };
		924850B12BAA1F58007F6EC2 /* Preview Assets.xcassets in Resources */ = {isa = PBXBuildFile; fileRef = 924850B02BAA1F58007F6EC2 /* Preview Assets.xcassets */; };
		924850BC2BAB5110007F6EC2 /* Player.swift in Sources */ = {isa = PBXBuildFile; fileRef = 924850BB2BAB5110007F6EC2 /* Player.swift */; };
		924850BE2BAB5122007F6EC2 /* GameViewViewModel.swift in Sources */ = {isa = PBXBuildFile; fileRef = 924850BD2BAB5122007F6EC2 /* GameViewViewModel.swift */; };
		924850C02BAB5137007F6EC2 /* StatsView.swift in Sources */ = {isa = PBXBuildFile; fileRef = 924850BF2BAB5137007F6EC2 /* StatsView.swift */; };
		924850C22BAB5144007F6EC2 /* StatsViewViewModel.swift in Sources */ = {isa = PBXBuildFile; fileRef = 924850C12BAB5144007F6EC2 /* StatsViewViewModel.swift */; };
/* End PBXBuildFile section */

/* Begin PBXFileReference section */
		924850A62BAA1F57007F6EC2 /* Blitz Count!.app */ = {isa = PBXFileReference; explicitFileType = wrapper.application; includeInIndex = 0; path = "Blitz Count!.app"; sourceTree = BUILT_PRODUCTS_DIR; };
		924850A92BAA1F57007F6EC2 /* BlitzCountApp.swift */ = {isa = PBXFileReference; lastKnownFileType = sourcecode.swift; path = BlitzCountApp.swift; sourceTree = "<group>"; };
		924850AB2BAA1F57007F6EC2 /* GameView.swift */ = {isa = PBXFileReference; lastKnownFileType = sourcecode.swift; path = GameView.swift; sourceTree = "<group>"; };
		924850AD2BAA1F58007F6EC2 /* Assets.xcassets */ = {isa = PBXFileReference; lastKnownFileType = folder.assetcatalog; path = Assets.xcassets; sourceTree = "<group>"; };
		924850B02BAA1F58007F6EC2 /* Preview Assets.xcassets */ = {isa = PBXFileReference; lastKnownFileType = folder.assetcatalog; path = "Preview Assets.xcassets"; sourceTree = "<group>"; };
		924850BB2BAB5110007F6EC2 /* Player.swift */ = {isa = PBXFileReference; lastKnownFileType = sourcecode.swift; path = Player.swift; sourceTree = "<group>"; };
		924850BD2BAB5122007F6EC2 /* GameViewViewModel.swift */ = {isa = PBXFileReference; lastKnownFileType = sourcecode.swift; path = GameViewViewModel.swift; sourceTree = "<group>"; };
		924850BF2BAB5137007F6EC2 /* StatsView.swift */ = {isa = PBXFileReference; lastKnownFileType = sourcecode.swift; path = StatsView.swift; sourceTree = "<group>"; };
		924850C12BAB5144007F6EC2 /* StatsViewViewModel.swift */ = {isa = PBXFileReference; lastKnownFileType = sourcecode.swift; path = StatsViewViewModel.swift; sourceTree = "<group>"; };
/* End PBXFileReference section */

/* Begin PBXFrameworksBuildPhase section */
		924850A32BAA1F57007F6EC2 /* Frameworks */ = {
			isa = PBXFrameworksBuildPhase;
			buildActionMask = 2147483647;
			files = (
			);
			runOnlyForDeploymentPostprocessing = 0;
		};
/* End PBXFrameworksBuildPhase section */

/* Begin PBXGroup section */
		9248509D2BAA1F57007F6EC2 = {
			isa = PBXGroup;
			children = (
				924850A82BAA1F57007F6EC2 /* Blitz Count! */,
				924850A72BAA1F57007F6EC2 /* Products */,
			);
			sourceTree = "<group>";
		};
		924850A72BAA1F57007F6EC2 /* Products */ = {
			isa = PBXGroup;
			children = (
				924850A62BAA1F57007F6EC2 /* Blitz Count!.app */,
			);
			name = Products;
			sourceTree = "<group>";
		};
		924850A82BAA1F57007F6EC2 /* Blitz Count! */ = {
			isa = PBXGroup;
			children = (
				924850BA2BAB50E4007F6EC2 /* Models */,
				924850B92BAB5093007F6EC2 /* Other */,
				924850B82BAB508C007F6EC2 /* ViewModels */,
				924850B72BAB5086007F6EC2 /* Views */,
				924850AD2BAA1F58007F6EC2 /* Assets.xcassets */,
				924850AF2BAA1F58007F6EC2 /* Preview Content */,
			);
			path = "Blitz Count!";
			sourceTree = "<group>";
		};
		924850AF2BAA1F58007F6EC2 /* Preview Content */ = {
			isa = PBXGroup;
			children = (
				924850B02BAA1F58007F6EC2 /* Preview Assets.xcassets */,
			);
			path = "Preview Content";
			sourceTree = "<group>";
		};
		924850B72BAB5086007F6EC2 /* Views */ = {
			isa = PBXGroup;
			children = (
				924850AB2BAA1F57007F6EC2 /* GameView.swift */,
				924850BF2BAB5137007F6EC2 /* StatsView.swift */,
			);
			path = Views;
			sourceTree = "<group>";
		};
		924850B82BAB508C007F6EC2 /* ViewModels */ = {
			isa = PBXGroup;
			children = (
				924850BD2BAB5122007F6EC2 /* GameViewViewModel.swift */,
				924850C12BAB5144007F6EC2 /* StatsViewViewModel.swift */,
			);
			path = ViewModels;
			sourceTree = "<group>";
		};
		924850B92BAB5093007F6EC2 /* Other */ = {
			isa = PBXGroup;
			children = (
				924850A92BAA1F57007F6EC2 /* BlitzCountApp.swift */,
			);
			path = Other;
			sourceTree = "<group>";
		};
		924850BA2BAB50E4007F6EC2 /* Models */ = {
			isa = PBXGroup;
			children = (
				924850BB2BAB5110007F6EC2 /* Player.swift */,
			);
			path = Models;
			sourceTree = "<group>";
		};
/* End PBXGroup section */

/* Begin PBXNativeTarget section */
		924850A52BAA1F57007F6EC2 /* Blitz Count! */ = {
			isa = PBXNativeTarget;
			buildConfigurationList = 924850B42BAA1F58007F6EC2 /* Build configuration list for PBXNativeTarget "Blitz Count!" */;
			buildPhases = (
				924850A22BAA1F57007F6EC2 /* Sources */,
				924850A32BAA1F57007F6EC2 /* Frameworks */,
				924850A42BAA1F57007F6EC2 /* Resources */,
			);
			buildRules = (
			);
			dependencies = (
			);
			name = "Blitz Count!";
			productName = "Blitz Count!";
			productReference = 924850A62BAA1F57007F6EC2 /* Blitz Count!.app */;
			productType = "com.apple.product-type.application";
		};
/* End PBXNativeTarget section */

/* Begin PBXProject section */
		9248509E2BAA1F57007F6EC2 /* Project object */ = {
			isa = PBXProject;
			attributes = {
				BuildIndependentTargetsInParallel = 1;
				LastSwiftUpdateCheck = 1530;
				LastUpgradeCheck = 1530;
				TargetAttributes = {
					924850A52BAA1F57007F6EC2 = {
						CreatedOnToolsVersion = 15.3;
					};
				};
			};
			buildConfigurationList = 924850A12BAA1F57007F6EC2 /* Build configuration list for PBXProject "Blitz Count!" */;
			compatibilityVersion = "Xcode 14.0";
			developmentRegion = en;
			hasScannedForEncodings = 0;
			knownRegions = (
				en,
				Base,
			);
			mainGroup = 9248509D2BAA1F57007F6EC2;
			productRefGroup = 924850A72BAA1F57007F6EC2 /* Products */;
			projectDirPath = "";
			projectRoot = "";
			targets = (
				924850A52BAA1F57007F6EC2 /* Blitz Count! */,
			);
		};
/* End PBXProject section */

/* Begin PBXResourcesBuildPhase section */
		924850A42BAA1F57007F6EC2 /* Resources */ = {
			isa = PBXResourcesBuildPhase;
			buildActionMask = 2147483647;
			files = (
				924850B12BAA1F58007F6EC2 /* Preview Assets.xcassets in Resources */,
				924850AE2BAA1F58007F6EC2 /* Assets.xcassets in Resources */,
			);
			runOnlyForDeploymentPostprocessing = 0;
		};
/* End PBXResourcesBuildPhase section */

/* Begin PBXSourcesBuildPhase section */
		924850A22BAA1F57007F6EC2 /* Sources */ = {
			isa = PBXSourcesBuildPhase;
			buildActionMask = 2147483647;
			files = (
				924850AC2BAA1F57007F6EC2 /* GameView.swift in Sources */,
				924850C02BAB5137007F6EC2 /* StatsView.swift in Sources */,
				924850BC2BAB5110007F6EC2 /* Player.swift in Sources */,
				924850C22BAB5144007F6EC2 /* StatsViewViewModel.swift in Sources */,
				924850AA2BAA1F57007F6EC2 /* BlitzCountApp.swift in Sources */,
				924850BE2BAB5122007F6EC2 /* GameViewViewModel.swift in Sources */,
			);
			runOnlyForDeploymentPostprocessing = 0;
		};
/* End PBXSourcesBuildPhase section */

/* Begin XCBuildConfiguration section */
		924850B22BAA1F58007F6EC2 /* Debug */ = {
			isa = XCBuildConfiguration;
			buildSettings = {
				ALWAYS_SEARCH_USER_PATHS = NO;
				ASSETCATALOG_COMPILER_GENERATE_SWIFT_ASSET_SYMBOL_EXTENSIONS = YES;
				CLANG_ANALYZER_NONNULL = YES;
				CLANG_ANALYZER_NUMBER_OBJECT_CONVERSION = YES_AGGRESSIVE;
				CLANG_CXX_LANGUAGE_STANDARD = "gnu++20";
				CLANG_ENABLE_MODULES = YES;
				CLANG_ENABLE_OBJC_ARC = YES;
				CLANG_ENABLE_OBJC_WEAK = YES;
				CLANG_WARN_BLOCK_CAPTURE_AUTORELEASING = YES;
				CLANG_WARN_BOOL_CONVERSION = YES;
				CLANG_WARN_COMMA = YES;
				CLANG_WARN_CONSTANT_CONVERSION = YES;
				CLANG_WARN_DEPRECATED_OBJC_IMPLEMENTATIONS = YES;
				CLANG_WARN_DIRECT_OBJC_ISA_USAGE = YES_ERROR;
				CLANG_WARN_DOCUMENTATION_COMMENTS = YES;
				CLANG_WARN_EMPTY_BODY = YES;
				CLANG_WARN_ENUM_CONVERSION = YES;
				CLANG_WARN_INFINITE_RECURSION = YES;
				CLANG_WARN_INT_CONVERSION = YES;
				CLANG_WARN_NON_LITERAL_NULL_CONVERSION = YES;
				CLANG_WARN_OBJC_IMPLICIT_RETAIN_SELF = YES;
				CLANG_WARN_OBJC_LITERAL_CONVERSION = YES;
				CLANG_WARN_OBJC_ROOT_CLASS = YES_ERROR;
				CLANG_WARN_QUOTED_INCLUDE_IN_FRAMEWORK_HEADER = YES;
				CLANG_WARN_RANGE_LOOP_ANALYSIS = YES;
				CLANG_WARN_STRICT_PROTOTYPES = YES;
				CLANG_WARN_SUSPICIOUS_MOVE = YES;
				CLANG_WARN_UNGUARDED_AVAILABILITY = YES_AGGRESSIVE;
				CLANG_WARN_UNREACHABLE_CODE = YES;
				CLANG_WARN__DUPLICATE_METHOD_MATCH = YES;
				COPY_PHASE_STRIP = NO;
				DEBUG_INFORMATION_FORMAT = dwarf;
				ENABLE_STRICT_OBJC_MSGSEND = YES;
				ENABLE_TESTABILITY = YES;
				ENABLE_USER_SCRIPT_SANDBOXING = YES;
				GCC_C_LANGUAGE_STANDARD = gnu17;
				GCC_DYNAMIC_NO_PIC = NO;
				GCC_NO_COMMON_BLOCKS = YES;
				GCC_OPTIMIZATION_LEVEL = 0;
				GCC_PREPROCESSOR_DEFINITIONS = (
					"DEBUG=1",
					"$(inherited)",
				);
				GCC_WARN_64_TO_32_BIT_CONVERSION = YES;
				GCC_WARN_ABOUT_RETURN_TYPE = YES_ERROR;
				GCC_WARN_UNDECLARED_SELECTOR = YES;
				GCC_WARN_UNINITIALIZED_AUTOS = YES_AGGRESSIVE;
				GCC_WARN_UNUSED_FUNCTION = YES;
				GCC_WARN_UNUSED_VARIABLE = YES;
				IPHONEOS_DEPLOYMENT_TARGET = 17.4;
				LOCALIZATION_PREFERS_STRING_CATALOGS = YES;
				MTL_ENABLE_DEBUG_INFO = INCLUDE_SOURCE;
				MTL_FAST_MATH = YES;
				ONLY_ACTIVE_ARCH = YES;
				SDKROOT = iphoneos;
				SWIFT_ACTIVE_COMPILATION_CONDITIONS = "DEBUG $(inherited)";
				SWIFT_OPTIMIZATION_LEVEL = "-Onone";
			};
			name = Debug;
		};
		924850B32BAA1F58007F6EC2 /* Release */ = {
			isa = XCBuildConfiguration;
			buildSettings = {
				ALWAYS_SEARCH_USER_PATHS = NO;
				ASSETCATALOG_COMPILER_GENERATE_SWIFT_ASSET_SYMBOL_EXTENSIONS = YES;
				CLANG_ANALYZER_NONNULL = YES;
				CLANG_ANALYZER_NUMBER_OBJECT_CONVERSION = YES_AGGRESSIVE;
				CLANG_CXX_LANGUAGE_STANDARD = "gnu++20";
				CLANG_ENABLE_MODULES = YES;
				CLANG_ENABLE_OBJC_ARC = YES;
				CLANG_ENABLE_OBJC_WEAK = YES;
				CLANG_WARN_BLOCK_CAPTURE_AUTORELEASING = YES;
				CLANG_WARN_BOOL_CONVERSION = YES;
				CLANG_WARN_COMMA = YES;
				CLANG_WARN_CONSTANT_CONVERSION = YES;
				CLANG_WARN_DEPRECATED_OBJC_IMPLEMENTATIONS = YES;
				CLANG_WARN_DIRECT_OBJC_ISA_USAGE = YES_ERROR;
				CLANG_WARN_DOCUMENTATION_COMMENTS = YES;
				CLANG_WARN_EMPTY_BODY = YES;
				CLANG_WARN_ENUM_CONVERSION = YES;
				CLANG_WARN_INFINITE_RECURSION = YES;
				CLANG_WARN_INT_CONVERSION = YES;
				CLANG_WARN_NON_LITERAL_NULL_CONVERSION = YES;
				CLANG_WARN_OBJC_IMPLICIT_RETAIN_SELF = YES;
				CLANG_WARN_OBJC_LITERAL_CONVERSION = YES;
				CLANG_WARN_OBJC_ROOT_CLASS = YES_ERROR;
				CLANG_WARN_QUOTED_INCLUDE_IN_FRAMEWORK_HEADER = YES;
				CLANG_WARN_RANGE_LOOP_ANALYSIS = YES;
				CLANG_WARN_STRICT_PROTOTYPES = YES;
				CLANG_WARN_SUSPICIOUS_MOVE = YES;
				CLANG_WARN_UNGUARDED_AVAILABILITY = YES_AGGRESSIVE;
				CLANG_WARN_UNREACHABLE_CODE = YES;
				CLANG_WARN__DUPLICATE_METHOD_MATCH = YES;
				COPY_PHASE_STRIP = NO;
				DEBUG_INFORMATION_FORMAT = "dwarf-with-dsym";
				ENABLE_NS_ASSERTIONS = NO;
				ENABLE_STRICT_OBJC_MSGSEND = YES;
				ENABLE_USER_SCRIPT_SANDBOXING = YES;
				GCC_C_LANGUAGE_STANDARD = gnu17;
				GCC_NO_COMMON_BLOCKS = YES;
				GCC_WARN_64_TO_32_BIT_CONVERSION = YES;
				GCC_WARN_ABOUT_RETURN_TYPE = YES_ERROR;
				GCC_WARN_UNDECLARED_SELECTOR = YES;
				GCC_WARN_UNINITIALIZED_AUTOS = YES_AGGRESSIVE;
				GCC_WARN_UNUSED_FUNCTION = YES;
				GCC_WARN_UNUSED_VARIABLE = YES;
				IPHONEOS_DEPLOYMENT_TARGET = 17.4;
				LOCALIZATION_PREFERS_STRING_CATALOGS = YES;
				MTL_ENABLE_DEBUG_INFO = NO;
				MTL_FAST_MATH = YES;
				SDKROOT = iphoneos;
				SWIFT_COMPILATION_MODE = wholemodule;
				VALIDATE_PRODUCT = YES;
			};
			name = Release;
		};
		924850B52BAA1F58007F6EC2 /* Debug */ = {
			isa = XCBuildConfiguration;
			buildSettings = {
				ASSETCATALOG_COMPILER_APPICON_NAME = AppIcon;
				ASSETCATALOG_COMPILER_GLOBAL_ACCENT_COLOR_NAME = AccentColor;
				CODE_SIGN_STYLE = Automatic;
				CURRENT_PROJECT_VERSION = 1;
				DEVELOPMENT_ASSET_PATHS = "\"Blitz Count!/Preview Content\"";
				ENABLE_PREVIEWS = YES;
				GENERATE_INFOPLIST_FILE = YES;
				INFOPLIST_KEY_UIApplicationSceneManifest_Generation = YES;
				INFOPLIST_KEY_UIApplicationSupportsIndirectInputEvents = YES;
				INFOPLIST_KEY_UILaunchScreen_Generation = YES;
				INFOPLIST_KEY_UISupportedInterfaceOrientations_iPad = "UIInterfaceOrientationPortrait UIInterfaceOrientationPortraitUpsideDown UIInterfaceOrientationLandscapeLeft UIInterfaceOrientationLandscapeRight";
				INFOPLIST_KEY_UISupportedInterfaceOrientations_iPhone = "UIInterfaceOrientationPortrait UIInterfaceOrientationLandscapeLeft UIInterfaceOrientationLandscapeRight";
				LD_RUNPATH_SEARCH_PATHS = (
					"$(inherited)",
					"@executable_path/Frameworks",
				);
				MARKETING_VERSION = 1.0;
				PRODUCT_BUNDLE_IDENTIFIER = "me.Wu.Anna.Blitz-Count-";
				PRODUCT_NAME = "$(TARGET_NAME)";
				SWIFT_EMIT_LOC_STRINGS = YES;
				SWIFT_VERSION = 5.0;
				TARGETED_DEVICE_FAMILY = "1,2";
			};
			name = Debug;
		};
		924850B62BAA1F58007F6EC2 /* Release */ = {
			isa = XCBuildConfiguration;
			buildSettings = {
				ASSETCATALOG_COMPILER_APPICON_NAME = AppIcon;
				ASSETCATALOG_COMPILER_GLOBAL_ACCENT_COLOR_NAME = AccentColor;
				CODE_SIGN_STYLE = Automatic;
				CURRENT_PROJECT_VERSION = 1;
				DEVELOPMENT_ASSET_PATHS = "\"Blitz Count!/Preview Content\"";
				ENABLE_PREVIEWS = YES;
				GENERATE_INFOPLIST_FILE = YES;
				INFOPLIST_KEY_UIApplicationSceneManifest_Generation = YES;
				INFOPLIST_KEY_UIApplicationSupportsIndirectInputEvents = YES;
				INFOPLIST_KEY_UILaunchScreen_Generation = YES;
				INFOPLIST_KEY_UISupportedInterfaceOrientations_iPad = "UIInterfaceOrientationPortrait UIInterfaceOrientationPortraitUpsideDown UIInterfaceOrientationLandscapeLeft UIInterfaceOrientationLandscapeRight";
				INFOPLIST_KEY_UISupportedInterfaceOrientations_iPhone = "UIInterfaceOrientationPortrait UIInterfaceOrientationLandscapeLeft UIInterfaceOrientationLandscapeRight";
				LD_RUNPATH_SEARCH_PATHS = (
					"$(inherited)",
					"@executable_path/Frameworks",
				);
				MARKETING_VERSION = 1.0;
				PRODUCT_BUNDLE_IDENTIFIER = "me.Wu.Anna.Blitz-Count-";
				PRODUCT_NAME = "$(TARGET_NAME)";
				SWIFT_EMIT_LOC_STRINGS = YES;
				SWIFT_VERSION = 5.0;
				TARGETED_DEVICE_FAMILY = "1,2";
			};
			name = Release;
		};
/* End XCBuildConfiguration section */

/* Begin XCConfigurationList section */
		924850A12BAA1F57007F6EC2 /* Build configuration list for PBXProject "Blitz Count!" */ = {
			isa = XCConfigurationList;
			buildConfigurations = (
				924850B22BAA1F58007F6EC2 /* Debug */,
				924850B32BAA1F58007F6EC2 /* Release */,
			);
			defaultConfigurationIsVisible = 0;
			defaultConfigurationName = Release;
		};
		924850B42BAA1F58007F6EC2 /* Build configuration list for PBXNativeTarget "Blitz Count!" */ = {
			isa = XCConfigurationList;
			buildConfigurations = (
				924850B52BAA1F58007F6EC2 /* Debug */,
				924850B62BAA1F58007F6EC2 /* Release */,
			);
			defaultConfigurationIsVisible = 0;
			defaultConfigurationName = Release;
		};
/* End XCConfigurationList section */
	};
	rootObject = 9248509E2BAA1F57007F6EC2 /* Project object */;
}
